
Microsoft Visual Studio Solution File, Format Version 12.00
# Visual Studio Version 17
VisualStudioVersion = 17.7.34003.232
MinimumVisualStudioVersion = 10.0.40219.1
Project("{9A19103F-16F7-4668-BE54-9A1E7A4F7556}") = "ProjectManagementSystem.Api", "ProjectManagementSystem.Api\ProjectManagementSystem.Api.csproj", "{B8EA027D-EFB8-4CD1-A065-1CDEFCAE3A77}"
EndProject
Project("{9A19103F-16F7-4668-BE54-9A1E7A4F7556}") = "ProjectManagementSystem.Application", "ProjectManagementSystem.Application\ProjectManagementSystem.Application.csproj", "{29A55071-1C6D-4935-A346-FD708F9A92BD}"
EndProject
Project("{9A19103F-16F7-4668-BE54-9A1E7A4F7556}") = "ProjectManagementSystem.Contracts", "ProjectManagementSystem.Contracts\ProjectManagementSystem.Contracts.csproj", "{46B73980-9CAD-4DA9-916B-E4B02C09BEFC}"
EndProject
Project("{9A19103F-16F7-4668-BE54-9A1E7A4F7556}") = "ProjectManagementSystem.Domain", "ProjectManagementSystem.Domain\ProjectManagementSystem.Domain.csproj", "{8C95F5CD-5F46-4D23-B03F-393D19E2F69D}"
EndProject
Project("{9A19103F-16F7-4668-BE54-9A1E7A4F7556}") = "ProjectManagementSystem.Infrastructure", "ProjectManagementSystem.Infrastructure\ProjectManagementSystem.Infrastructure.csproj", "{9FB652F4-3800-4874-B705-AF73F7E791FD}"
EndProject
Global
	GlobalSection(SolutionConfigurationPlatforms) = preSolution
		Debug|Any CPU = Debug|Any CPU
		Release|Any CPU = Release|Any CPU
	EndGlobalSection
	GlobalSection(ProjectConfigurationPlatforms) = postSolution
		{B8EA027D-EFB8-4CD1-A065-1CDEFCAE3A77}.Debug|Any CPU.ActiveCfg = Debug|Any CPU
		{B8EA027D-EFB8-4CD1-A065-1CDEFCAE3A77}.Debug|Any CPU.Build.0 = Debug|Any CPU
		{B8EA027D-EFB8-4CD1-A065-1CDEFCAE3A77}.Release|Any CPU.ActiveCfg = Release|Any CPU
		{B8EA027D-EFB8-4CD1-A065-1CDEFCAE3A77}.Release|Any CPU.Build.0 = Release|Any CPU
		{29A55071-1C6D-4935-A346-FD708F9A92BD}.Debug|Any CPU.ActiveCfg = Debug|Any CPU
		{29A55071-1C6D-4935-A346-FD708F9A92BD}.Debug|Any CPU.Build.0 = Debug|Any CPU
		{29A55071-1C6D-4935-A346-FD708F9A92BD}.Release|Any CPU.ActiveCfg = Release|Any CPU
		{29A55071-1C6D-4935-A346-FD708F9A92BD}.Release|Any CPU.Build.0 = Release|Any CPU
		{46B73980-9CAD-4DA9-916B-E4B02C09BEFC}.Debug|Any CPU.ActiveCfg = Debug|Any CPU
		{46B73980-9CAD-4DA9-916B-E4B02C09BEFC}.Debug|Any CPU.Build.0 = Debug|Any CPU
		{46B73980-9CAD-4DA9-916B-E4B02C09BEFC}.Release|Any CPU.ActiveCfg = Release|Any CPU
		{46B73980-9CAD-4DA9-916B-E4B02C09BEFC}.Release|Any CPU.Build.0 = Release|Any CPU
		{8C95F5CD-5F46-4D23-B03F-393D19E2F69D}.Debug|Any CPU.ActiveCfg = Debug|Any CPU
		{8C95F5CD-5F46-4D23-B03F-393D19E2F69D}.Debug|Any CPU.Build.0 = Debug|Any CPU
		{8C95F5CD-5F46-4D23-B03F-393D19E2F69D}.Release|Any CPU.ActiveCfg = Release|Any CPU
		{8C95F5CD-5F46-4D23-B03F-393D19E2F69D}.Release|Any CPU.Build.0 = Release|Any CPU
		{9FB652F4-3800-4874-B705-AF73F7E791FD}.Debug|Any CPU.ActiveCfg = Debug|Any CPU
		{9FB652F4-3800-4874-B705-AF73F7E791FD}.Debug|Any CPU.Build.0 = Debug|Any CPU
		{9FB652F4-3800-4874-B705-AF73F7E791FD}.Release|Any CPU.ActiveCfg = Release|Any CPU
		{9FB652F4-3800-4874-B705-AF73F7E791FD}.Release|Any CPU.Build.0 = Release|Any CPU
	EndGlobalSection
	GlobalSection(SolutionProperties) = preSolution
		HideSolutionNode = FALSE
	EndGlobalSection
	GlobalSection(ExtensibilityGlobals) = postSolution
		SolutionGuid = {F319EEAA-6473-4175-BA55-AD7712EACBA7}
	EndGlobalSection
EndGlobal
